
Microsoft Visual Studio Solution File, Format Version 12.00
# Visual Studio Version 17
VisualStudioVersion = 17.3.32825.248
MinimumVisualStudioVersion = 10.0.40219.1
Project("{FAE04EC0-301F-11D3-BF4B-00C04F79EFBC}") = "Gerador de apostas", "Gerador de apostas\Gerador de apostas.csproj", "{D6671469-9151-427A-A70C-E10E63060CD4}"
EndProject
Global
	GlobalSection(SolutionConfigurationPlatforms) = preSolution
		Debug|Any CPU = Debug|Any CPU
		Release|Any CPU = Release|Any CPU
	EndGlobalSection
	GlobalSection(ProjectConfigurationPlatforms) = postSolution
		{D6671469-9151-427A-A70C-E10E63060CD4}.Debug|Any CPU.ActiveCfg = Debug|Any CPU
		{D6671469-9151-427A-A70C-E10E63060CD4}.Debug|Any CPU.Build.0 = Debug|Any CPU
		{D6671469-9151-427A-A70C-E10E63060CD4}.Release|Any CPU.ActiveCfg = Release|Any CPU
		{D6671469-9151-427A-A70C-E10E63060CD4}.Release|Any CPU.Build.0 = Release|Any CPU
	EndGlobalSection
	GlobalSection(SolutionProperties) = preSolution
		HideSolutionNode = FALSE
	EndGlobalSection
	GlobalSection(ExtensibilityGlobals) = postSolution
		SolutionGuid = {1D0247A0-30A2-418B-AB17-253AE351E59F}
	EndGlobalSection
EndGlobal
